// !$*UTF8*$!
{
	archiveVersion = 1;
	classes = {
	};
	objectVersion = 55;
	objects = {

/* Begin PBXBuildFile section */
		E757C9D527734C3D00B62256 /* AdyenDropIn.swift in Sources */ = {isa = PBXBuildFile; fileRef = E757C9D227734C3D00B62256 /* AdyenDropIn.swift */; };
		E757C9D627734C3D00B62256 /* AdyenModule.m in Sources */ = {isa = PBXBuildFile; fileRef = E757C9D327734C3D00B62256 /* AdyenModule.m */; };
		E7F69E592785CB6400FE0DAE /* RedirectComponentProxy.swift in Sources */ = {isa = PBXBuildFile; fileRef = E7F69E582785CB6400FE0DAE /* RedirectComponentProxy.swift */; };
		E7F69E5B2785CC4100FE0DAE /* Encodables.swift in Sources */ = {isa = PBXBuildFile; fileRef = E7F69E5A2785CC4100FE0DAE /* Encodables.swift */; };
		E7F69E5D2785CCA700FE0DAE /* JsonHelpers.swift in Sources */ = {isa = PBXBuildFile; fileRef = E7F69E5C2785CCA700FE0DAE /* JsonHelpers.swift */; };
		E7F69E5F2785CD3E00FE0DAE /* Environment.swift in Sources */ = {isa = PBXBuildFile; fileRef = E7F69E5E2785CD3E00FE0DAE /* Environment.swift */; };
		E7F69E622788AAFA00FE0DAE /* Adyen in Frameworks */ = {isa = PBXBuildFile; productRef = E7F69E612788AAFA00FE0DAE /* Adyen */; };
		E7F69E642788AAFA00FE0DAE /* AdyenActions in Frameworks */ = {isa = PBXBuildFile; productRef = E7F69E632788AAFA00FE0DAE /* AdyenActions */; };
		E7F69E662788AAFA00FE0DAE /* AdyenCard in Frameworks */ = {isa = PBXBuildFile; productRef = E7F69E652788AAFA00FE0DAE /* AdyenCard */; };
		E7F69E682788AAFA00FE0DAE /* AdyenComponents in Frameworks */ = {isa = PBXBuildFile; productRef = E7F69E672788AAFA00FE0DAE /* AdyenComponents */; };
		E7F69E6A2788AAFA00FE0DAE /* AdyenDropIn in Frameworks */ = {isa = PBXBuildFile; productRef = E7F69E692788AAFA00FE0DAE /* AdyenDropIn */; };
		E7F69E6C2788AAFA00FE0DAE /* AdyenEncryption in Frameworks */ = {isa = PBXBuildFile; productRef = E7F69E6B2788AAFA00FE0DAE /* AdyenEncryption */; };
/* End PBXBuildFile section */

/* Begin PBXCopyFilesBuildPhase section */
		E757C9C527734BD800B62256 /* CopyFiles */ = {
			isa = PBXCopyFilesBuildPhase;
			buildActionMask = 2147483647;
			dstPath = "include/$(PRODUCT_NAME)";
			dstSubfolderSpec = 16;
			files = (
			);
			runOnlyForDeploymentPostprocessing = 0;
		};
/* End PBXCopyFilesBuildPhase section */

/* Begin PBXFileReference section */
		E757C9C727734BD800B62256 /* libAdyenReactNative.a */ = {isa = PBXFileReference; explicitFileType = archive.ar; includeInIndex = 0; path = libAdyenReactNative.a; sourceTree = BUILT_PRODUCTS_DIR; };
		E757C9D127734C3C00B62256 /* ReactNative-Bridging-Header.h */ = {isa = PBXFileReference; lastKnownFileType = sourcecode.c.h; path = "ReactNative-Bridging-Header.h"; sourceTree = "<group>"; };
		E757C9D227734C3D00B62256 /* AdyenDropIn.swift */ = {isa = PBXFileReference; fileEncoding = 4; lastKnownFileType = sourcecode.swift; path = AdyenDropIn.swift; sourceTree = "<group>"; };
		E757C9D327734C3D00B62256 /* AdyenModule.m */ = {isa = PBXFileReference; fileEncoding = 4; lastKnownFileType = sourcecode.c.objc; path = AdyenModule.m; sourceTree = "<group>"; };
		E7F69E582785CB6400FE0DAE /* RedirectComponentProxy.swift */ = {isa = PBXFileReference; lastKnownFileType = sourcecode.swift; path = RedirectComponentProxy.swift; sourceTree = "<group>"; };
		E7F69E5A2785CC4100FE0DAE /* Encodables.swift */ = {isa = PBXFileReference; lastKnownFileType = sourcecode.swift; path = Encodables.swift; sourceTree = "<group>"; };
		E7F69E5C2785CCA700FE0DAE /* JsonHelpers.swift */ = {isa = PBXFileReference; lastKnownFileType = sourcecode.swift; path = JsonHelpers.swift; sourceTree = "<group>"; };
		E7F69E5E2785CD3E00FE0DAE /* Environment.swift */ = {isa = PBXFileReference; lastKnownFileType = sourcecode.swift; path = Environment.swift; sourceTree = "<group>"; };
/* End PBXFileReference section */

/* Begin PBXFrameworksBuildPhase section */
		E757C9C427734BD800B62256 /* Frameworks */ = {
			isa = PBXFrameworksBuildPhase;
			buildActionMask = 2147483647;
			files = (
				E7F69E662788AAFA00FE0DAE /* AdyenCard in Frameworks */,
				E7F69E6C2788AAFA00FE0DAE /* AdyenEncryption in Frameworks */,
				E7F69E642788AAFA00FE0DAE /* AdyenActions in Frameworks */,
				E7F69E682788AAFA00FE0DAE /* AdyenComponents in Frameworks */,
				E7F69E6A2788AAFA00FE0DAE /* AdyenDropIn in Frameworks */,
				E7F69E622788AAFA00FE0DAE /* Adyen in Frameworks */,
			);
			runOnlyForDeploymentPostprocessing = 0;
		};
/* End PBXFrameworksBuildPhase section */

/* Begin PBXGroup section */
		E757C9BE27734BD800B62256 = {
			isa = PBXGroup;
			children = (
				E7F69E5C2785CCA700FE0DAE /* JsonHelpers.swift */,
				E7F69E582785CB6400FE0DAE /* RedirectComponentProxy.swift */,
				E757C9D327734C3D00B62256 /* AdyenModule.m */,
				E757C9D127734C3C00B62256 /* ReactNative-Bridging-Header.h */,
				E757C9D227734C3D00B62256 /* AdyenDropIn.swift */,
				E7F69E5E2785CD3E00FE0DAE /* Environment.swift */,
				E7F69E5A2785CC4100FE0DAE /* Encodables.swift */,
				E757C9C827734BD800B62256 /* Products */,
			);
			sourceTree = "<group>";
		};
		E757C9C827734BD800B62256 /* Products */ = {
			isa = PBXGroup;
			children = (
				E757C9C727734BD800B62256 /* libAdyenReactNative.a */,
			);
			name = Products;
			sourceTree = "<group>";
		};
/* End PBXGroup section */

/* Begin PBXNativeTarget section */
		E757C9C627734BD800B62256 /* AdyenReactNative */ = {
			isa = PBXNativeTarget;
			buildConfigurationList = E757C9CE27734BD800B62256 /* Build configuration list for PBXNativeTarget "AdyenReactNative" */;
			buildPhases = (
				E757C9C327734BD800B62256 /* Sources */,
				E757C9C427734BD800B62256 /* Frameworks */,
				E757C9C527734BD800B62256 /* CopyFiles */,
			);
			buildRules = (
			);
			dependencies = (
			);
			name = AdyenReactNative;
			packageProductDependencies = (
				E7F69E612788AAFA00FE0DAE /* Adyen */,
				E7F69E632788AAFA00FE0DAE /* AdyenActions */,
				E7F69E652788AAFA00FE0DAE /* AdyenCard */,
				E7F69E672788AAFA00FE0DAE /* AdyenComponents */,
				E7F69E692788AAFA00FE0DAE /* AdyenDropIn */,
				E7F69E6B2788AAFA00FE0DAE /* AdyenEncryption */,
			);
			productName = ReactNative;
			productReference = E757C9C727734BD800B62256 /* libAdyenReactNative.a */;
			productType = "com.apple.product-type.library.static";
		};
/* End PBXNativeTarget section */

/* Begin PBXProject section */
		E757C9BF27734BD800B62256 /* Project object */ = {
			isa = PBXProject;
			attributes = {
				BuildIndependentTargetsInParallel = 1;
				LastSwiftUpdateCheck = 1310;
				LastUpgradeCheck = 1310;
				TargetAttributes = {
					E757C9C627734BD800B62256 = {
						CreatedOnToolsVersion = 13.1;
						LastSwiftMigration = 1310;
					};
				};
			};
			buildConfigurationList = E757C9C227734BD800B62256 /* Build configuration list for PBXProject "AdyenReactNative" */;
			compatibilityVersion = "Xcode 13.0";
			developmentRegion = en;
			hasScannedForEncodings = 0;
			knownRegions = (
				en,
				Base,
			);
			mainGroup = E757C9BE27734BD800B62256;
			packageReferences = (
				E7F69E602788AAFA00FE0DAE /* XCRemoteSwiftPackageReference "adyen-ios" */,
			);
			productRefGroup = E757C9C827734BD800B62256 /* Products */;
			projectDirPath = "";
			projectRoot = "";
			targets = (
				E757C9C627734BD800B62256 /* AdyenReactNative */,
			);
		};
/* End PBXProject section */

/* Begin PBXSourcesBuildPhase section */
		E757C9C327734BD800B62256 /* Sources */ = {
			isa = PBXSourcesBuildPhase;
			buildActionMask = 2147483647;
			files = (
				E7F69E592785CB6400FE0DAE /* RedirectComponentProxy.swift in Sources */,
				E7F69E5F2785CD3E00FE0DAE /* Environment.swift in Sources */,
				E7F69E5B2785CC4100FE0DAE /* Encodables.swift in Sources */,
				E757C9D527734C3D00B62256 /* AdyenDropIn.swift in Sources */,
				E7F69E5D2785CCA700FE0DAE /* JsonHelpers.swift in Sources */,
				E757C9D627734C3D00B62256 /* AdyenModule.m in Sources */,
			);
			runOnlyForDeploymentPostprocessing = 0;
		};
/* End PBXSourcesBuildPhase section */

/* Begin XCBuildConfiguration section */
		E757C9CC27734BD800B62256 /* Debug */ = {
			isa = XCBuildConfiguration;
			buildSettings = {
				ALWAYS_SEARCH_USER_PATHS = NO;
				CLANG_ANALYZER_NONNULL = YES;
				CLANG_ANALYZER_NUMBER_OBJECT_CONVERSION = YES_AGGRESSIVE;
				CLANG_CXX_LANGUAGE_STANDARD = "gnu++17";
				CLANG_CXX_LIBRARY = "libc++";
				CLANG_ENABLE_MODULES = YES;
				CLANG_ENABLE_OBJC_ARC = YES;
				CLANG_ENABLE_OBJC_WEAK = YES;
				CLANG_WARN_BLOCK_CAPTURE_AUTORELEASING = YES;
				CLANG_WARN_BOOL_CONVERSION = YES;
				CLANG_WARN_COMMA = YES;
				CLANG_WARN_CONSTANT_CONVERSION = YES;
				CLANG_WARN_DEPRECATED_OBJC_IMPLEMENTATIONS = YES;
				CLANG_WARN_DIRECT_OBJC_ISA_USAGE = YES_ERROR;
				CLANG_WARN_DOCUMENTATION_COMMENTS = YES;
				CLANG_WARN_EMPTY_BODY = YES;
				CLANG_WARN_ENUM_CONVERSION = YES;
				CLANG_WARN_INFINITE_RECURSION = YES;
				CLANG_WARN_INT_CONVERSION = YES;
				CLANG_WARN_NON_LITERAL_NULL_CONVERSION = YES;
				CLANG_WARN_OBJC_IMPLICIT_RETAIN_SELF = YES;
				CLANG_WARN_OBJC_LITERAL_CONVERSION = YES;
				CLANG_WARN_OBJC_ROOT_CLASS = YES_ERROR;
				CLANG_WARN_QUOTED_INCLUDE_IN_FRAMEWORK_HEADER = YES;
				CLANG_WARN_RANGE_LOOP_ANALYSIS = YES;
				CLANG_WARN_STRICT_PROTOTYPES = YES;
				CLANG_WARN_SUSPICIOUS_MOVE = YES;
				CLANG_WARN_UNGUARDED_AVAILABILITY = YES_AGGRESSIVE;
				CLANG_WARN_UNREACHABLE_CODE = YES;
				CLANG_WARN__DUPLICATE_METHOD_MATCH = YES;
				COPY_PHASE_STRIP = NO;
				DEBUG_INFORMATION_FORMAT = dwarf;
				ENABLE_STRICT_OBJC_MSGSEND = YES;
				ENABLE_TESTABILITY = YES;
				GCC_C_LANGUAGE_STANDARD = gnu11;
				GCC_DYNAMIC_NO_PIC = NO;
				GCC_NO_COMMON_BLOCKS = YES;
				GCC_OPTIMIZATION_LEVEL = 0;
				GCC_PREPROCESSOR_DEFINITIONS = (
					"DEBUG=1",
					"$(inherited)",
				);
				GCC_WARN_64_TO_32_BIT_CONVERSION = YES;
				GCC_WARN_ABOUT_RETURN_TYPE = YES_ERROR;
				GCC_WARN_UNDECLARED_SELECTOR = YES;
				GCC_WARN_UNINITIALIZED_AUTOS = YES_AGGRESSIVE;
				GCC_WARN_UNUSED_FUNCTION = YES;
				GCC_WARN_UNUSED_VARIABLE = YES;
				IPHONEOS_DEPLOYMENT_TARGET = 15.0;
				MTL_ENABLE_DEBUG_INFO = INCLUDE_SOURCE;
				MTL_FAST_MATH = YES;
				ONLY_ACTIVE_ARCH = YES;
				SDKROOT = iphoneos;
				SWIFT_ACTIVE_COMPILATION_CONDITIONS = DEBUG;
				SWIFT_OPTIMIZATION_LEVEL = "-Onone";
			};
			name = Debug;
		};
		E757C9CD27734BD800B62256 /* Release */ = {
			isa = XCBuildConfiguration;
			buildSettings = {
				ALWAYS_SEARCH_USER_PATHS = NO;
				CLANG_ANALYZER_NONNULL = YES;
				CLANG_ANALYZER_NUMBER_OBJECT_CONVERSION = YES_AGGRESSIVE;
				CLANG_CXX_LANGUAGE_STANDARD = "gnu++17";
				CLANG_CXX_LIBRARY = "libc++";
				CLANG_ENABLE_MODULES = YES;
				CLANG_ENABLE_OBJC_ARC = YES;
				CLANG_ENABLE_OBJC_WEAK = YES;
				CLANG_WARN_BLOCK_CAPTURE_AUTORELEASING = YES;
				CLANG_WARN_BOOL_CONVERSION = YES;
				CLANG_WARN_COMMA = YES;
				CLANG_WARN_CONSTANT_CONVERSION = YES;
				CLANG_WARN_DEPRECATED_OBJC_IMPLEMENTATIONS = YES;
				CLANG_WARN_DIRECT_OBJC_ISA_USAGE = YES_ERROR;
				CLANG_WARN_DOCUMENTATION_COMMENTS = YES;
				CLANG_WARN_EMPTY_BODY = YES;
				CLANG_WARN_ENUM_CONVERSION = YES;
				CLANG_WARN_INFINITE_RECURSION = YES;
				CLANG_WARN_INT_CONVERSION = YES;
				CLANG_WARN_NON_LITERAL_NULL_CONVERSION = YES;
				CLANG_WARN_OBJC_IMPLICIT_RETAIN_SELF = YES;
				CLANG_WARN_OBJC_LITERAL_CONVERSION = YES;
				CLANG_WARN_OBJC_ROOT_CLASS = YES_ERROR;
				CLANG_WARN_QUOTED_INCLUDE_IN_FRAMEWORK_HEADER = YES;
				CLANG_WARN_RANGE_LOOP_ANALYSIS = YES;
				CLANG_WARN_STRICT_PROTOTYPES = YES;
				CLANG_WARN_SUSPICIOUS_MOVE = YES;
				CLANG_WARN_UNGUARDED_AVAILABILITY = YES_AGGRESSIVE;
				CLANG_WARN_UNREACHABLE_CODE = YES;
				CLANG_WARN__DUPLICATE_METHOD_MATCH = YES;
				COPY_PHASE_STRIP = NO;
				DEBUG_INFORMATION_FORMAT = "dwarf-with-dsym";
				ENABLE_NS_ASSERTIONS = NO;
				ENABLE_STRICT_OBJC_MSGSEND = YES;
				GCC_C_LANGUAGE_STANDARD = gnu11;
				GCC_NO_COMMON_BLOCKS = YES;
				GCC_WARN_64_TO_32_BIT_CONVERSION = YES;
				GCC_WARN_ABOUT_RETURN_TYPE = YES_ERROR;
				GCC_WARN_UNDECLARED_SELECTOR = YES;
				GCC_WARN_UNINITIALIZED_AUTOS = YES_AGGRESSIVE;
				GCC_WARN_UNUSED_FUNCTION = YES;
				GCC_WARN_UNUSED_VARIABLE = YES;
				IPHONEOS_DEPLOYMENT_TARGET = 15.0;
				MTL_ENABLE_DEBUG_INFO = NO;
				MTL_FAST_MATH = YES;
				SDKROOT = iphoneos;
				SWIFT_COMPILATION_MODE = wholemodule;
				SWIFT_OPTIMIZATION_LEVEL = "-O";
				VALIDATE_PRODUCT = YES;
			};
			name = Release;
		};
		E757C9CF27734BD800B62256 /* Debug */ = {
			isa = XCBuildConfiguration;
			buildSettings = {
				CLANG_ENABLE_MODULES = YES;
				CODE_SIGN_STYLE = Automatic;
				DEVELOPMENT_TEAM = R596F9CQZ5;
				LD_RUNPATH_SEARCH_PATHS = (
					"$(inherited)",
					"@executable_path/Frameworks",
					"@loader_path/Frameworks",
				);
				OTHER_LDFLAGS = "-ObjC";
				PRODUCT_NAME = "$(TARGET_NAME)";
				SKIP_INSTALL = YES;
				SWIFT_OBJC_BRIDGING_HEADER = "ReactNative-Bridging-Header.h";
				SWIFT_OPTIMIZATION_LEVEL = "-Onone";
				SWIFT_VERSION = 5.0;
				TARGETED_DEVICE_FAMILY = "1,2";
			};
			name = Debug;
		};
		E757C9D027734BD800B62256 /* Release */ = {
			isa = XCBuildConfiguration;
			buildSettings = {
				CLANG_ENABLE_MODULES = YES;
				CODE_SIGN_STYLE = Automatic;
				DEVELOPMENT_TEAM = R596F9CQZ5;
				LD_RUNPATH_SEARCH_PATHS = (
					"$(inherited)",
					"@executable_path/Frameworks",
					"@loader_path/Frameworks",
				);
				OTHER_LDFLAGS = "-ObjC";
				PRODUCT_NAME = "$(TARGET_NAME)";
				SKIP_INSTALL = YES;
				SWIFT_OBJC_BRIDGING_HEADER = "ReactNative-Bridging-Header.h";
				SWIFT_VERSION = 5.0;
				TARGETED_DEVICE_FAMILY = "1,2";
			};
			name = Release;
		};
/* End XCBuildConfiguration section */

/* Begin XCConfigurationList section */
		E757C9C227734BD800B62256 /* Build configuration list for PBXProject "AdyenReactNative" */ = {
			isa = XCConfigurationList;
			buildConfigurations = (
				E757C9CC27734BD800B62256 /* Debug */,
				E757C9CD27734BD800B62256 /* Release */,
			);
			defaultConfigurationIsVisible = 0;
			defaultConfigurationName = Release;
		};
		E757C9CE27734BD800B62256 /* Build configuration list for PBXNativeTarget "AdyenReactNative" */ = {
			isa = XCConfigurationList;
			buildConfigurations = (
				E757C9CF27734BD800B62256 /* Debug */,
				E757C9D027734BD800B62256 /* Release */,
			);
			defaultConfigurationIsVisible = 0;
			defaultConfigurationName = Release;
		};
/* End XCConfigurationList section */

/* Begin XCRemoteSwiftPackageReference section */
		E7F69E602788AAFA00FE0DAE /* XCRemoteSwiftPackageReference "adyen-ios" */ = {
			isa = XCRemoteSwiftPackageReference;
			repositoryURL = "https://github.com/Adyen/adyen-ios";
			requirement = {
				kind = upToNextMajorVersion;
				minimumVersion = 4.0.0;
			};
		};
/* End XCRemoteSwiftPackageReference section */

/* Begin XCSwiftPackageProductDependency section */
		E7F69E612788AAFA00FE0DAE /* Adyen */ = {
			isa = XCSwiftPackageProductDependency;
			package = E7F69E602788AAFA00FE0DAE /* XCRemoteSwiftPackageReference "adyen-ios" */;
			productName = Adyen;
		};
		E7F69E632788AAFA00FE0DAE /* AdyenActions */ = {
			isa = XCSwiftPackageProductDependency;
			package = E7F69E602788AAFA00FE0DAE /* XCRemoteSwiftPackageReference "adyen-ios" */;
			productName = AdyenActions;
		};
		E7F69E652788AAFA00FE0DAE /* AdyenCard */ = {
			isa = XCSwiftPackageProductDependency;
			package = E7F69E602788AAFA00FE0DAE /* XCRemoteSwiftPackageReference "adyen-ios" */;
			productName = AdyenCard;
		};
		E7F69E672788AAFA00FE0DAE /* AdyenComponents */ = {
			isa = XCSwiftPackageProductDependency;
			package = E7F69E602788AAFA00FE0DAE /* XCRemoteSwiftPackageReference "adyen-ios" */;
			productName = AdyenComponents;
		};
		E7F69E692788AAFA00FE0DAE /* AdyenDropIn */ = {
			isa = XCSwiftPackageProductDependency;
			package = E7F69E602788AAFA00FE0DAE /* XCRemoteSwiftPackageReference "adyen-ios" */;
			productName = AdyenDropIn;
		};
		E7F69E6B2788AAFA00FE0DAE /* AdyenEncryption */ = {
			isa = XCSwiftPackageProductDependency;
			package = E7F69E602788AAFA00FE0DAE /* XCRemoteSwiftPackageReference "adyen-ios" */;
			productName = AdyenEncryption;
		};
/* End XCSwiftPackageProductDependency section */
	};
	rootObject = E757C9BF27734BD800B62256 /* Project object */;
}
